
Microsoft Visual Studio Solution File, Format Version 12.00
# Visual Studio 15
VisualStudioVersion = 15.0.28010.2003
MinimumVisualStudioVersion = 10.0.40219.1
Project("{FAE04EC0-301F-11D3-BF4B-00C04F79EFBC}") = "Grading_Students", "Grading_Students\Grading_Students.csproj", "{425F9370-61A1-4004-B98E-6FB05C221037}"
EndProject
Global
	GlobalSection(SolutionConfigurationPlatforms) = preSolution
		Debug|Any CPU = Debug|Any CPU
		Release|Any CPU = Release|Any CPU
	EndGlobalSection
	GlobalSection(ProjectConfigurationPlatforms) = postSolution
		{425F9370-61A1-4004-B98E-6FB05C221037}.Debug|Any CPU.ActiveCfg = Debug|Any CPU
		{425F9370-61A1-4004-B98E-6FB05C221037}.Debug|Any CPU.Build.0 = Debug|Any CPU
		{425F9370-61A1-4004-B98E-6FB05C221037}.Release|Any CPU.ActiveCfg = Release|Any CPU
		{425F9370-61A1-4004-B98E-6FB05C221037}.Release|Any CPU.Build.0 = Release|Any CPU
	EndGlobalSection
	GlobalSection(SolutionProperties) = preSolution
		HideSolutionNode = FALSE
	EndGlobalSection
	GlobalSection(ExtensibilityGlobals) = postSolution
		SolutionGuid = {6B70529F-6708-4104-83E6-866DD0220A4C}
	EndGlobalSection
EndGlobal
