
Microsoft Visual Studio Solution File, Format Version 12.00
# Visual Studio 15
VisualStudioVersion = 15.0.28010.2003
MinimumVisualStudioVersion = 10.0.40219.1
Project("{FAE04EC0-301F-11D3-BF4B-00C04F79EFBC}") = "Txt", "Txt\Txt.csproj", "{895D4436-6B19-490B-85CB-81BBC1C98CD7}"
EndProject
Global
	GlobalSection(SolutionConfigurationPlatforms) = preSolution
		Debug|Any CPU = Debug|Any CPU
		Release|Any CPU = Release|Any CPU
	EndGlobalSection
	GlobalSection(ProjectConfigurationPlatforms) = postSolution
		{895D4436-6B19-490B-85CB-81BBC1C98CD7}.Debug|Any CPU.ActiveCfg = Debug|Any CPU
		{895D4436-6B19-490B-85CB-81BBC1C98CD7}.Debug|Any CPU.Build.0 = Debug|Any CPU
		{895D4436-6B19-490B-85CB-81BBC1C98CD7}.Release|Any CPU.ActiveCfg = Release|Any CPU
		{895D4436-6B19-490B-85CB-81BBC1C98CD7}.Release|Any CPU.Build.0 = Release|Any CPU
	EndGlobalSection
	GlobalSection(SolutionProperties) = preSolution
		HideSolutionNode = FALSE
	EndGlobalSection
	GlobalSection(ExtensibilityGlobals) = postSolution
		SolutionGuid = {B0729FEB-80BF-4AA1-BEA3-7B2AFFA48925}
	EndGlobalSection
EndGlobal
