
Microsoft Visual Studio Solution File, Format Version 12.00
# Visual Studio 15
VisualStudioVersion = 15.0.28010.2003
MinimumVisualStudioVersion = 10.0.40219.1
Project("{FAE04EC0-301F-11D3-BF4B-00C04F79EFBC}") = "Conditionals", "Conditionals\Conditionals.csproj", "{B713A831-1087-42B3-839F-464CCD400009}"
EndProject
Global
	GlobalSection(SolutionConfigurationPlatforms) = preSolution
		Debug|Any CPU = Debug|Any CPU
		Release|Any CPU = Release|Any CPU
	EndGlobalSection
	GlobalSection(ProjectConfigurationPlatforms) = postSolution
		{B713A831-1087-42B3-839F-464CCD400009}.Debug|Any CPU.ActiveCfg = Debug|Any CPU
		{B713A831-1087-42B3-839F-464CCD400009}.Debug|Any CPU.Build.0 = Debug|Any CPU
		{B713A831-1087-42B3-839F-464CCD400009}.Release|Any CPU.ActiveCfg = Release|Any CPU
		{B713A831-1087-42B3-839F-464CCD400009}.Release|Any CPU.Build.0 = Release|Any CPU
	EndGlobalSection
	GlobalSection(SolutionProperties) = preSolution
		HideSolutionNode = FALSE
	EndGlobalSection
	GlobalSection(ExtensibilityGlobals) = postSolution
		SolutionGuid = {A415C2D9-C0CD-48A4-AEEA-3757DC1B9BB6}
	EndGlobalSection
EndGlobal
