
Microsoft Visual Studio Solution File, Format Version 12.00
# Visual Studio 2013
VisualStudioVersion = 12.0.40629.0
MinimumVisualStudioVersion = 10.0.40219.1
Project("{FAE04EC0-301F-11D3-BF4B-00C04F79EFBC}") = "weather_api", "weather_api\weather_api.csproj", "{35816412-090D-439C-A04A-7BFDC069CF2D}"
EndProject
Global
	GlobalSection(SolutionConfigurationPlatforms) = preSolution
		Debug|Any CPU = Debug|Any CPU
		Release|Any CPU = Release|Any CPU
	EndGlobalSection
	GlobalSection(ProjectConfigurationPlatforms) = postSolution
		{35816412-090D-439C-A04A-7BFDC069CF2D}.Debug|Any CPU.ActiveCfg = Debug|Any CPU
		{35816412-090D-439C-A04A-7BFDC069CF2D}.Debug|Any CPU.Build.0 = Debug|Any CPU
		{35816412-090D-439C-A04A-7BFDC069CF2D}.Release|Any CPU.ActiveCfg = Release|Any CPU
		{35816412-090D-439C-A04A-7BFDC069CF2D}.Release|Any CPU.Build.0 = Release|Any CPU
	EndGlobalSection
	GlobalSection(SolutionProperties) = preSolution
		HideSolutionNode = FALSE
	EndGlobalSection
EndGlobal
